
Microsoft Visual Studio Solution File, Format Version 12.00
# Visual Studio Version 16
VisualStudioVersion = 16.0.30907.101
MinimumVisualStudioVersion = 10.0.40219.1
Project("{FAE04EC0-301F-11D3-BF4B-00C04F79EFBC}") = "TP3", "TP3\TP3.csproj", "{2B8F2A34-3F0E-4691-B91C-6383CE7B809B}"
EndProject
Global
	GlobalSection(SolutionConfigurationPlatforms) = preSolution
		Debug|Any CPU = Debug|Any CPU
		Release|Any CPU = Release|Any CPU
	EndGlobalSection
	GlobalSection(ProjectConfigurationPlatforms) = postSolution
		{2B8F2A34-3F0E-4691-B91C-6383CE7B809B}.Debug|Any CPU.ActiveCfg = Debug|Any CPU
		{2B8F2A34-3F0E-4691-B91C-6383CE7B809B}.Debug|Any CPU.Build.0 = Debug|Any CPU
		{2B8F2A34-3F0E-4691-B91C-6383CE7B809B}.Release|Any CPU.ActiveCfg = Release|Any CPU
		{2B8F2A34-3F0E-4691-B91C-6383CE7B809B}.Release|Any CPU.Build.0 = Release|Any CPU
	EndGlobalSection
	GlobalSection(SolutionProperties) = preSolution
		HideSolutionNode = FALSE
	EndGlobalSection
	GlobalSection(ExtensibilityGlobals) = postSolution
		SolutionGuid = {925F9242-D803-4823-ACD2-6AF50D909B65}
	EndGlobalSection
EndGlobal
